
Microsoft Visual Studio Solution File, Format Version 12.00
# Visual Studio Version 17
Project("{8BC9CEB8-8B4A-11D0-8D11-00A0C91BC942}") = "ALL_BUILD", "ALL_BUILD.vcxproj", "{8DE44042-0EE5-349E-993F-462F6F4E3D78}"
	ProjectSection(ProjectDependencies) = postProject
		{159368A8-D44C-37DC-8252-EDFCC6785D3A} = {159368A8-D44C-37DC-8252-EDFCC6785D3A}
		{BC3EEDB6-002B-3442-8C97-922A2224DA3B} = {BC3EEDB6-002B-3442-8C97-922A2224DA3B}
	EndProjectSection
EndProject
Project("{8BC9CEB8-8B4A-11D0-8D11-00A0C91BC942}") = "ZERO_CHECK", "ZERO_CHECK.vcxproj", "{159368A8-D44C-37DC-8252-EDFCC6785D3A}"
	ProjectSection(ProjectDependencies) = postProject
	EndProjectSection
EndProject
Project("{8BC9CEB8-8B4A-11D0-8D11-00A0C91BC942}") = "engine", "engine.vcxproj", "{BC3EEDB6-002B-3442-8C97-922A2224DA3B}"
	ProjectSection(ProjectDependencies) = postProject
		{159368A8-D44C-37DC-8252-EDFCC6785D3A} = {159368A8-D44C-37DC-8252-EDFCC6785D3A}
	EndProjectSection
EndProject
Global
	GlobalSection(SolutionConfigurationPlatforms) = preSolution
		Debug|x64 = Debug|x64
		Release|x64 = Release|x64
		MinSizeRel|x64 = MinSizeRel|x64
		RelWithDebInfo|x64 = RelWithDebInfo|x64
	EndGlobalSection
	GlobalSection(ProjectConfigurationPlatforms) = postSolution
		{8DE44042-0EE5-349E-993F-462F6F4E3D78}.Debug|x64.ActiveCfg = Debug|x64
		{8DE44042-0EE5-349E-993F-462F6F4E3D78}.Release|x64.ActiveCfg = Release|x64
		{8DE44042-0EE5-349E-993F-462F6F4E3D78}.MinSizeRel|x64.ActiveCfg = MinSizeRel|x64
		{8DE44042-0EE5-349E-993F-462F6F4E3D78}.RelWithDebInfo|x64.ActiveCfg = RelWithDebInfo|x64
		{159368A8-D44C-37DC-8252-EDFCC6785D3A}.Debug|x64.ActiveCfg = Debug|x64
		{159368A8-D44C-37DC-8252-EDFCC6785D3A}.Debug|x64.Build.0 = Debug|x64
		{159368A8-D44C-37DC-8252-EDFCC6785D3A}.Release|x64.ActiveCfg = Release|x64
		{159368A8-D44C-37DC-8252-EDFCC6785D3A}.Release|x64.Build.0 = Release|x64
		{159368A8-D44C-37DC-8252-EDFCC6785D3A}.MinSizeRel|x64.ActiveCfg = MinSizeRel|x64
		{159368A8-D44C-37DC-8252-EDFCC6785D3A}.MinSizeRel|x64.Build.0 = MinSizeRel|x64
		{159368A8-D44C-37DC-8252-EDFCC6785D3A}.RelWithDebInfo|x64.ActiveCfg = RelWithDebInfo|x64
		{159368A8-D44C-37DC-8252-EDFCC6785D3A}.RelWithDebInfo|x64.Build.0 = RelWithDebInfo|x64
		{BC3EEDB6-002B-3442-8C97-922A2224DA3B}.Debug|x64.ActiveCfg = Debug|x64
		{BC3EEDB6-002B-3442-8C97-922A2224DA3B}.Debug|x64.Build.0 = Debug|x64
		{BC3EEDB6-002B-3442-8C97-922A2224DA3B}.Release|x64.ActiveCfg = Release|x64
		{BC3EEDB6-002B-3442-8C97-922A2224DA3B}.Release|x64.Build.0 = Release|x64
		{BC3EEDB6-002B-3442-8C97-922A2224DA3B}.MinSizeRel|x64.ActiveCfg = MinSizeRel|x64
		{BC3EEDB6-002B-3442-8C97-922A2224DA3B}.MinSizeRel|x64.Build.0 = MinSizeRel|x64
		{BC3EEDB6-002B-3442-8C97-922A2224DA3B}.RelWithDebInfo|x64.ActiveCfg = RelWithDebInfo|x64
		{BC3EEDB6-002B-3442-8C97-922A2224DA3B}.RelWithDebInfo|x64.Build.0 = RelWithDebInfo|x64
	EndGlobalSection
	GlobalSection(ExtensibilityGlobals) = postSolution
		SolutionGuid = {E00FCA31-B759-3E59-8F1E-1F6552073BC3}
	EndGlobalSection
	GlobalSection(ExtensibilityAddIns) = postSolution
	EndGlobalSection
EndGlobal
