<?xml version="1.0" encoding="utf-8"?>
<Project ToolsVersion="17.0" xmlns="http://schemas.microsoft.com/developer/msbuild/2003">
  <ItemGroup>
    <CustomBuild Include="C:\Users\ydavi\Coding\C++_Projects\Chess-Engine\backend\engine\CMakeFiles\6ff11584bcdbe77bd2a604fedb7de654\generate.stamp.rule">
      <Filter>CMake Rules</Filter>
    </CustomBuild>
  </ItemGroup>
  <ItemGroup>
    <Filter Include="CMake Rules">
      <UniqueIdentifier>{BAB3DB9C-46F2-33F8-BB4D-C96C9526B186}</UniqueIdentifier>
    </Filter>
  </ItemGroup>
</Project>
